
Microsoft Visual Studio Solution File, Format Version 12.00
# Visual Studio 15
VisualStudioVersion = 15.0.27703.2000
MinimumVisualStudioVersion = 10.0.40219.1
Project("{8BC9CEB8-8B4A-11D0-8D11-00A0C91BC942}") = "Aula0910", "Aula0910\Aula0910.vcxproj", "{CA495679-FA25-4FB3-B480-08B0CCEEA120}"
EndProject
Project("{8BC9CEB8-8B4A-11D0-8D11-00A0C91BC942}") = "Aula1110_Funcoes", "Aula1110_Funcoes\Aula1110_Funcoes.vcxproj", "{6C0C9509-9D1A-4C60-8FE4-F2DA164CF865}"
EndProject
Project("{8BC9CEB8-8B4A-11D0-8D11-00A0C91BC942}") = "Aula1110_FuncaoCalcular", "Aula1110_FuncaoCalcular\Aula1110_FuncaoCalcular.vcxproj", "{C1C5C6A9-B02F-4E81-AD7B-06D5C114F4C9}"
EndProject
Project("{8BC9CEB8-8B4A-11D0-8D11-00A0C91BC942}") = "Aula1810_Condicionais", "Aula1810\Aula1810.vcxproj", "{C278E527-2302-4584-9834-7CC97AF7F3CA}"
EndProject
Project("{8BC9CEB8-8B4A-11D0-8D11-00A0C91BC942}") = "Aula2310_Caso", "Aula2310_Caso\Aula2310_Caso.vcxproj", "{05086E97-7F77-4954-ACA6-A1E5064D21A1}"
EndProject
Project("{8BC9CEB8-8B4A-11D0-8D11-00A0C91BC942}") = "Aula2310_Caso2", "Aula2310_Caso2\Aula2310_Caso2.vcxproj", "{BD3F1282-3469-4B5F-98AE-660C9C3149F8}"
EndProject
Project("{8BC9CEB8-8B4A-11D0-8D11-00A0C91BC942}") = "Aula2510_Lacos", "Aula2510_Lacos\Aula2510_Lacos.vcxproj", "{3C1B75F8-FDEC-4CCE-8D3F-9E1A7E047E0B}"
EndProject
Project("{8BC9CEB8-8B4A-11D0-8D11-00A0C91BC942}") = "Aula2011_Recursividade1", "Aula2011_Recursividade1\Aula2011_Recursividade1.vcxproj", "{546199A8-48AF-48AC-820D-90492B992EF9}"
EndProject
Project("{8BC9CEB8-8B4A-11D0-8D11-00A0C91BC942}") = "Aula2011_Recursividade2", "Aula2011_Recursividade2\Aula2011_Recursividade2.vcxproj", "{9A60CCFC-E89A-4579-9FF1-8281EC9C860C}"
EndProject
Project("{8BC9CEB8-8B4A-11D0-8D11-00A0C91BC942}") = "Aula2011_Struct1", "Aula2011_Struct1\Aula2011_Struct1.vcxproj", "{9B0F60EC-EE1C-4E32-8048-3460FD759BBD}"
EndProject
Project("{8BC9CEB8-8B4A-11D0-8D11-00A0C91BC942}") = "EX4_MediaPonderada", "EX4_MediaPonderada\EX4_MediaPonderada.vcxproj", "{F6538ECA-0194-4F0C-9736-C7D475D4B5FB}"
EndProject
Project("{8BC9CEB8-8B4A-11D0-8D11-00A0C91BC942}") = "EX5_ValorCarro", "EX5_ValorCarro\EX5_ValorCarro.vcxproj", "{8913B453-F7E1-4FE7-BF91-A5C1F52FDD0F}"
EndProject
Project("{8BC9CEB8-8B4A-11D0-8D11-00A0C91BC942}") = "EX6_SomaPositivos", "EX6_SomaPositivos\EX6_SomaPositivos.vcxproj", "{D3FB307A-821B-46C5-95EE-8496922C2348}"
EndProject
Project("{8BC9CEB8-8B4A-11D0-8D11-00A0C91BC942}") = "EX7_Multiplos", "EX7_Multiplos\EX7_Multiplos.vcxproj", "{3B502562-F30E-4CE5-9311-88BBBD5F34A6}"
EndProject
Project("{8BC9CEB8-8B4A-11D0-8D11-00A0C91BC942}") = "EX8_IdadeNadador", "EX8_IdadeNadador\EX8_IdadeNadador.vcxproj", "{C2F380F4-4A91-4CEF-A132-2FC2F8A998A3}"
EndProject
Project("{8BC9CEB8-8B4A-11D0-8D11-00A0C91BC942}") = "EX9_CalcTipoMedia", "EX9_CalcTipoMedia\EX9_CalcTipoMedia.vcxproj", "{2985AC8E-1224-44A8-945E-85B7FD0223F0}"
EndProject
Global
	GlobalSection(SolutionConfigurationPlatforms) = preSolution
		Debug|x64 = Debug|x64
		Debug|x86 = Debug|x86
		Release|x64 = Release|x64
		Release|x86 = Release|x86
	EndGlobalSection
	GlobalSection(ProjectConfigurationPlatforms) = postSolution
		{CA495679-FA25-4FB3-B480-08B0CCEEA120}.Debug|x64.ActiveCfg = Debug|x64
		{CA495679-FA25-4FB3-B480-08B0CCEEA120}.Debug|x64.Build.0 = Debug|x64
		{CA495679-FA25-4FB3-B480-08B0CCEEA120}.Debug|x86.ActiveCfg = Debug|Win32
		{CA495679-FA25-4FB3-B480-08B0CCEEA120}.Debug|x86.Build.0 = Debug|Win32
		{CA495679-FA25-4FB3-B480-08B0CCEEA120}.Release|x64.ActiveCfg = Release|x64
		{CA495679-FA25-4FB3-B480-08B0CCEEA120}.Release|x64.Build.0 = Release|x64
		{CA495679-FA25-4FB3-B480-08B0CCEEA120}.Release|x86.ActiveCfg = Release|Win32
		{CA495679-FA25-4FB3-B480-08B0CCEEA120}.Release|x86.Build.0 = Release|Win32
		{6C0C9509-9D1A-4C60-8FE4-F2DA164CF865}.Debug|x64.ActiveCfg = Debug|x64
		{6C0C9509-9D1A-4C60-8FE4-F2DA164CF865}.Debug|x64.Build.0 = Debug|x64
		{6C0C9509-9D1A-4C60-8FE4-F2DA164CF865}.Debug|x86.ActiveCfg = Debug|Win32
		{6C0C9509-9D1A-4C60-8FE4-F2DA164CF865}.Debug|x86.Build.0 = Debug|Win32
		{6C0C9509-9D1A-4C60-8FE4-F2DA164CF865}.Release|x64.ActiveCfg = Release|x64
		{6C0C9509-9D1A-4C60-8FE4-F2DA164CF865}.Release|x64.Build.0 = Release|x64
		{6C0C9509-9D1A-4C60-8FE4-F2DA164CF865}.Release|x86.ActiveCfg = Release|Win32
		{6C0C9509-9D1A-4C60-8FE4-F2DA164CF865}.Release|x86.Build.0 = Release|Win32
		{C1C5C6A9-B02F-4E81-AD7B-06D5C114F4C9}.Debug|x64.ActiveCfg = Debug|x64
		{C1C5C6A9-B02F-4E81-AD7B-06D5C114F4C9}.Debug|x64.Build.0 = Debug|x64
		{C1C5C6A9-B02F-4E81-AD7B-06D5C114F4C9}.Debug|x86.ActiveCfg = Debug|Win32
		{C1C5C6A9-B02F-4E81-AD7B-06D5C114F4C9}.Debug|x86.Build.0 = Debug|Win32
		{C1C5C6A9-B02F-4E81-AD7B-06D5C114F4C9}.Release|x64.ActiveCfg = Release|x64
		{C1C5C6A9-B02F-4E81-AD7B-06D5C114F4C9}.Release|x64.Build.0 = Release|x64
		{C1C5C6A9-B02F-4E81-AD7B-06D5C114F4C9}.Release|x86.ActiveCfg = Release|Win32
		{C1C5C6A9-B02F-4E81-AD7B-06D5C114F4C9}.Release|x86.Build.0 = Release|Win32
		{C278E527-2302-4584-9834-7CC97AF7F3CA}.Debug|x64.ActiveCfg = Debug|x64
		{C278E527-2302-4584-9834-7CC97AF7F3CA}.Debug|x64.Build.0 = Debug|x64
		{C278E527-2302-4584-9834-7CC97AF7F3CA}.Debug|x86.ActiveCfg = Debug|Win32
		{C278E527-2302-4584-9834-7CC97AF7F3CA}.Debug|x86.Build.0 = Debug|Win32
		{C278E527-2302-4584-9834-7CC97AF7F3CA}.Release|x64.ActiveCfg = Release|x64
		{C278E527-2302-4584-9834-7CC97AF7F3CA}.Release|x64.Build.0 = Release|x64
		{C278E527-2302-4584-9834-7CC97AF7F3CA}.Release|x86.ActiveCfg = Release|Win32
		{C278E527-2302-4584-9834-7CC97AF7F3CA}.Release|x86.Build.0 = Release|Win32
		{05086E97-7F77-4954-ACA6-A1E5064D21A1}.Debug|x64.ActiveCfg = Debug|x64
		{05086E97-7F77-4954-ACA6-A1E5064D21A1}.Debug|x64.Build.0 = Debug|x64
		{05086E97-7F77-4954-ACA6-A1E5064D21A1}.Debug|x86.ActiveCfg = Debug|Win32
		{05086E97-7F77-4954-ACA6-A1E5064D21A1}.Debug|x86.Build.0 = Debug|Win32
		{05086E97-7F77-4954-ACA6-A1E5064D21A1}.Release|x64.ActiveCfg = Release|x64
		{05086E97-7F77-4954-ACA6-A1E5064D21A1}.Release|x64.Build.0 = Release|x64
		{05086E97-7F77-4954-ACA6-A1E5064D21A1}.Release|x86.ActiveCfg = Release|Win32
		{05086E97-7F77-4954-ACA6-A1E5064D21A1}.Release|x86.Build.0 = Release|Win32
		{BD3F1282-3469-4B5F-98AE-660C9C3149F8}.Debug|x64.ActiveCfg = Debug|x64
		{BD3F1282-3469-4B5F-98AE-660C9C3149F8}.Debug|x64.Build.0 = Debug|x64
		{BD3F1282-3469-4B5F-98AE-660C9C3149F8}.Debug|x86.ActiveCfg = Debug|Win32
		{BD3F1282-3469-4B5F-98AE-660C9C3149F8}.Debug|x86.Build.0 = Debug|Win32
		{BD3F1282-3469-4B5F-98AE-660C9C3149F8}.Release|x64.ActiveCfg = Release|x64
		{BD3F1282-3469-4B5F-98AE-660C9C3149F8}.Release|x64.Build.0 = Release|x64
		{BD3F1282-3469-4B5F-98AE-660C9C3149F8}.Release|x86.ActiveCfg = Release|Win32
		{BD3F1282-3469-4B5F-98AE-660C9C3149F8}.Release|x86.Build.0 = Release|Win32
		{3C1B75F8-FDEC-4CCE-8D3F-9E1A7E047E0B}.Debug|x64.ActiveCfg = Debug|x64
		{3C1B75F8-FDEC-4CCE-8D3F-9E1A7E047E0B}.Debug|x64.Build.0 = Debug|x64
		{3C1B75F8-FDEC-4CCE-8D3F-9E1A7E047E0B}.Debug|x86.ActiveCfg = Debug|Win32
		{3C1B75F8-FDEC-4CCE-8D3F-9E1A7E047E0B}.Debug|x86.Build.0 = Debug|Win32
		{3C1B75F8-FDEC-4CCE-8D3F-9E1A7E047E0B}.Release|x64.ActiveCfg = Release|x64
		{3C1B75F8-FDEC-4CCE-8D3F-9E1A7E047E0B}.Release|x64.Build.0 = Release|x64
		{3C1B75F8-FDEC-4CCE-8D3F-9E1A7E047E0B}.Release|x86.ActiveCfg = Release|Win32
		{3C1B75F8-FDEC-4CCE-8D3F-9E1A7E047E0B}.Release|x86.Build.0 = Release|Win32
		{546199A8-48AF-48AC-820D-90492B992EF9}.Debug|x64.ActiveCfg = Debug|x64
		{546199A8-48AF-48AC-820D-90492B992EF9}.Debug|x64.Build.0 = Debug|x64
		{546199A8-48AF-48AC-820D-90492B992EF9}.Debug|x86.ActiveCfg = Debug|Win32
		{546199A8-48AF-48AC-820D-90492B992EF9}.Debug|x86.Build.0 = Debug|Win32
		{546199A8-48AF-48AC-820D-90492B992EF9}.Release|x64.ActiveCfg = Release|x64
		{546199A8-48AF-48AC-820D-90492B992EF9}.Release|x64.Build.0 = Release|x64
		{546199A8-48AF-48AC-820D-90492B992EF9}.Release|x86.ActiveCfg = Release|Win32
		{546199A8-48AF-48AC-820D-90492B992EF9}.Release|x86.Build.0 = Release|Win32
		{9A60CCFC-E89A-4579-9FF1-8281EC9C860C}.Debug|x64.ActiveCfg = Debug|x64
		{9A60CCFC-E89A-4579-9FF1-8281EC9C860C}.Debug|x64.Build.0 = Debug|x64
		{9A60CCFC-E89A-4579-9FF1-8281EC9C860C}.Debug|x86.ActiveCfg = Debug|Win32
		{9A60CCFC-E89A-4579-9FF1-8281EC9C860C}.Debug|x86.Build.0 = Debug|Win32
		{9A60CCFC-E89A-4579-9FF1-8281EC9C860C}.Release|x64.ActiveCfg = Release|x64
		{9A60CCFC-E89A-4579-9FF1-8281EC9C860C}.Release|x64.Build.0 = Release|x64
		{9A60CCFC-E89A-4579-9FF1-8281EC9C860C}.Release|x86.ActiveCfg = Release|Win32
		{9A60CCFC-E89A-4579-9FF1-8281EC9C860C}.Release|x86.Build.0 = Release|Win32
		{9B0F60EC-EE1C-4E32-8048-3460FD759BBD}.Debug|x64.ActiveCfg = Debug|x64
		{9B0F60EC-EE1C-4E32-8048-3460FD759BBD}.Debug|x64.Build.0 = Debug|x64
		{9B0F60EC-EE1C-4E32-8048-3460FD759BBD}.Debug|x86.ActiveCfg = Debug|Win32
		{9B0F60EC-EE1C-4E32-8048-3460FD759BBD}.Debug|x86.Build.0 = Debug|Win32
		{9B0F60EC-EE1C-4E32-8048-3460FD759BBD}.Release|x64.ActiveCfg = Release|x64
		{9B0F60EC-EE1C-4E32-8048-3460FD759BBD}.Release|x64.Build.0 = Release|x64
		{9B0F60EC-EE1C-4E32-8048-3460FD759BBD}.Release|x86.ActiveCfg = Release|Win32
		{9B0F60EC-EE1C-4E32-8048-3460FD759BBD}.Release|x86.Build.0 = Release|Win32
		{F6538ECA-0194-4F0C-9736-C7D475D4B5FB}.Debug|x64.ActiveCfg = Debug|x64
		{F6538ECA-0194-4F0C-9736-C7D475D4B5FB}.Debug|x64.Build.0 = Debug|x64
		{F6538ECA-0194-4F0C-9736-C7D475D4B5FB}.Debug|x86.ActiveCfg = Debug|Win32
		{F6538ECA-0194-4F0C-9736-C7D475D4B5FB}.Debug|x86.Build.0 = Debug|Win32
		{F6538ECA-0194-4F0C-9736-C7D475D4B5FB}.Release|x64.ActiveCfg = Release|x64
		{F6538ECA-0194-4F0C-9736-C7D475D4B5FB}.Release|x64.Build.0 = Release|x64
		{F6538ECA-0194-4F0C-9736-C7D475D4B5FB}.Release|x86.ActiveCfg = Release|Win32
		{F6538ECA-0194-4F0C-9736-C7D475D4B5FB}.Release|x86.Build.0 = Release|Win32
		{8913B453-F7E1-4FE7-BF91-A5C1F52FDD0F}.Debug|x64.ActiveCfg = Debug|x64
		{8913B453-F7E1-4FE7-BF91-A5C1F52FDD0F}.Debug|x64.Build.0 = Debug|x64
		{8913B453-F7E1-4FE7-BF91-A5C1F52FDD0F}.Debug|x86.ActiveCfg = Debug|Win32
		{8913B453-F7E1-4FE7-BF91-A5C1F52FDD0F}.Debug|x86.Build.0 = Debug|Win32
		{8913B453-F7E1-4FE7-BF91-A5C1F52FDD0F}.Release|x64.ActiveCfg = Release|x64
		{8913B453-F7E1-4FE7-BF91-A5C1F52FDD0F}.Release|x64.Build.0 = Release|x64
		{8913B453-F7E1-4FE7-BF91-A5C1F52FDD0F}.Release|x86.ActiveCfg = Release|Win32
		{8913B453-F7E1-4FE7-BF91-A5C1F52FDD0F}.Release|x86.Build.0 = Release|Win32
		{D3FB307A-821B-46C5-95EE-8496922C2348}.Debug|x64.ActiveCfg = Debug|x64
		{D3FB307A-821B-46C5-95EE-8496922C2348}.Debug|x64.Build.0 = Debug|x64
		{D3FB307A-821B-46C5-95EE-8496922C2348}.Debug|x86.ActiveCfg = Debug|Win32
		{D3FB307A-821B-46C5-95EE-8496922C2348}.Debug|x86.Build.0 = Debug|Win32
		{D3FB307A-821B-46C5-95EE-8496922C2348}.Release|x64.ActiveCfg = Release|x64
		{D3FB307A-821B-46C5-95EE-8496922C2348}.Release|x64.Build.0 = Release|x64
		{D3FB307A-821B-46C5-95EE-8496922C2348}.Release|x86.ActiveCfg = Release|Win32
		{D3FB307A-821B-46C5-95EE-8496922C2348}.Release|x86.Build.0 = Release|Win32
		{3B502562-F30E-4CE5-9311-88BBBD5F34A6}.Debug|x64.ActiveCfg = Debug|x64
		{3B502562-F30E-4CE5-9311-88BBBD5F34A6}.Debug|x64.Build.0 = Debug|x64
		{3B502562-F30E-4CE5-9311-88BBBD5F34A6}.Debug|x86.ActiveCfg = Debug|Win32
		{3B502562-F30E-4CE5-9311-88BBBD5F34A6}.Debug|x86.Build.0 = Debug|Win32
		{3B502562-F30E-4CE5-9311-88BBBD5F34A6}.Release|x64.ActiveCfg = Release|x64
		{3B502562-F30E-4CE5-9311-88BBBD5F34A6}.Release|x64.Build.0 = Release|x64
		{3B502562-F30E-4CE5-9311-88BBBD5F34A6}.Release|x86.ActiveCfg = Release|Win32
		{3B502562-F30E-4CE5-9311-88BBBD5F34A6}.Release|x86.Build.0 = Release|Win32
		{C2F380F4-4A91-4CEF-A132-2FC2F8A998A3}.Debug|x64.ActiveCfg = Debug|x64
		{C2F380F4-4A91-4CEF-A132-2FC2F8A998A3}.Debug|x64.Build.0 = Debug|x64
		{C2F380F4-4A91-4CEF-A132-2FC2F8A998A3}.Debug|x86.ActiveCfg = Debug|Win32
		{C2F380F4-4A91-4CEF-A132-2FC2F8A998A3}.Debug|x86.Build.0 = Debug|Win32
		{C2F380F4-4A91-4CEF-A132-2FC2F8A998A3}.Release|x64.ActiveCfg = Release|x64
		{C2F380F4-4A91-4CEF-A132-2FC2F8A998A3}.Release|x64.Build.0 = Release|x64
		{C2F380F4-4A91-4CEF-A132-2FC2F8A998A3}.Release|x86.ActiveCfg = Release|Win32
		{C2F380F4-4A91-4CEF-A132-2FC2F8A998A3}.Release|x86.Build.0 = Release|Win32
		{2985AC8E-1224-44A8-945E-85B7FD0223F0}.Debug|x64.ActiveCfg = Debug|x64
		{2985AC8E-1224-44A8-945E-85B7FD0223F0}.Debug|x64.Build.0 = Debug|x64
		{2985AC8E-1224-44A8-945E-85B7FD0223F0}.Debug|x86.ActiveCfg = Debug|Win32
		{2985AC8E-1224-44A8-945E-85B7FD0223F0}.Debug|x86.Build.0 = Debug|Win32
		{2985AC8E-1224-44A8-945E-85B7FD0223F0}.Release|x64.ActiveCfg = Release|x64
		{2985AC8E-1224-44A8-945E-85B7FD0223F0}.Release|x64.Build.0 = Release|x64
		{2985AC8E-1224-44A8-945E-85B7FD0223F0}.Release|x86.ActiveCfg = Release|Win32
		{2985AC8E-1224-44A8-945E-85B7FD0223F0}.Release|x86.Build.0 = Release|Win32
	EndGlobalSection
	GlobalSection(SolutionProperties) = preSolution
		HideSolutionNode = FALSE
	EndGlobalSection
	GlobalSection(ExtensibilityGlobals) = postSolution
		SolutionGuid = {7175CF50-8408-4271-B987-42FD59279602}
	EndGlobalSection
EndGlobal
