
Microsoft Visual Studio Solution File, Format Version 12.00
# Visual Studio 15
VisualStudioVersion = 15.0.27703.2000
MinimumVisualStudioVersion = 10.0.40219.1
Project("{8BC9CEB8-8B4A-11D0-8D11-00A0C91BC942}") = "Aula0910", "Aula0910\Aula0910.vcxproj", "{CA495679-FA25-4FB3-B480-08B0CCEEA120}"
EndProject
Project("{8BC9CEB8-8B4A-11D0-8D11-00A0C91BC942}") = "Aula1110_Funcoes", "Aula1110_Funcoes\Aula1110_Funcoes.vcxproj", "{6C0C9509-9D1A-4C60-8FE4-F2DA164CF865}"
EndProject
Project("{8BC9CEB8-8B4A-11D0-8D11-00A0C91BC942}") = "Aula1110_FuncaoCalcular", "Aula1110_FuncaoCalcular\Aula1110_FuncaoCalcular.vcxproj", "{C1C5C6A9-B02F-4E81-AD7B-06D5C114F4C9}"
EndProject
Global
	GlobalSection(SolutionConfigurationPlatforms) = preSolution
		Debug|x64 = Debug|x64
		Debug|x86 = Debug|x86
		Release|x64 = Release|x64
		Release|x86 = Release|x86
	EndGlobalSection
	GlobalSection(ProjectConfigurationPlatforms) = postSolution
		{CA495679-FA25-4FB3-B480-08B0CCEEA120}.Debug|x64.ActiveCfg = Debug|x64
		{CA495679-FA25-4FB3-B480-08B0CCEEA120}.Debug|x64.Build.0 = Debug|x64
		{CA495679-FA25-4FB3-B480-08B0CCEEA120}.Debug|x86.ActiveCfg = Debug|Win32
		{CA495679-FA25-4FB3-B480-08B0CCEEA120}.Debug|x86.Build.0 = Debug|Win32
		{CA495679-FA25-4FB3-B480-08B0CCEEA120}.Release|x64.ActiveCfg = Release|x64
		{CA495679-FA25-4FB3-B480-08B0CCEEA120}.Release|x64.Build.0 = Release|x64
		{CA495679-FA25-4FB3-B480-08B0CCEEA120}.Release|x86.ActiveCfg = Release|Win32
		{CA495679-FA25-4FB3-B480-08B0CCEEA120}.Release|x86.Build.0 = Release|Win32
		{6C0C9509-9D1A-4C60-8FE4-F2DA164CF865}.Debug|x64.ActiveCfg = Debug|x64
		{6C0C9509-9D1A-4C60-8FE4-F2DA164CF865}.Debug|x64.Build.0 = Debug|x64
		{6C0C9509-9D1A-4C60-8FE4-F2DA164CF865}.Debug|x86.ActiveCfg = Debug|Win32
		{6C0C9509-9D1A-4C60-8FE4-F2DA164CF865}.Debug|x86.Build.0 = Debug|Win32
		{6C0C9509-9D1A-4C60-8FE4-F2DA164CF865}.Release|x64.ActiveCfg = Release|x64
		{6C0C9509-9D1A-4C60-8FE4-F2DA164CF865}.Release|x64.Build.0 = Release|x64
		{6C0C9509-9D1A-4C60-8FE4-F2DA164CF865}.Release|x86.ActiveCfg = Release|Win32
		{6C0C9509-9D1A-4C60-8FE4-F2DA164CF865}.Release|x86.Build.0 = Release|Win32
		{C1C5C6A9-B02F-4E81-AD7B-06D5C114F4C9}.Debug|x64.ActiveCfg = Debug|x64
		{C1C5C6A9-B02F-4E81-AD7B-06D5C114F4C9}.Debug|x64.Build.0 = Debug|x64
		{C1C5C6A9-B02F-4E81-AD7B-06D5C114F4C9}.Debug|x86.ActiveCfg = Debug|Win32
		{C1C5C6A9-B02F-4E81-AD7B-06D5C114F4C9}.Debug|x86.Build.0 = Debug|Win32
		{C1C5C6A9-B02F-4E81-AD7B-06D5C114F4C9}.Release|x64.ActiveCfg = Release|x64
		{C1C5C6A9-B02F-4E81-AD7B-06D5C114F4C9}.Release|x64.Build.0 = Release|x64
		{C1C5C6A9-B02F-4E81-AD7B-06D5C114F4C9}.Release|x86.ActiveCfg = Release|Win32
		{C1C5C6A9-B02F-4E81-AD7B-06D5C114F4C9}.Release|x86.Build.0 = Release|Win32
	EndGlobalSection
	GlobalSection(SolutionProperties) = preSolution
		HideSolutionNode = FALSE
	EndGlobalSection
	GlobalSection(ExtensibilityGlobals) = postSolution
		SolutionGuid = {7175CF50-8408-4271-B987-42FD59279602}
	EndGlobalSection
EndGlobal
